
Microsoft Visual Studio Solution File, Format Version 12.00
# Visual Studio Version 17
VisualStudioVersion = 17.11.35303.130
MinimumVisualStudioVersion = 10.0.40219.1
Project("{9A19103F-16F7-4668-BE54-9A1E7A4F7556}") = "Tata_EMS_Changese_test_for_Logics", "Tata_EMS_Changese_test_for_Logics.csproj", "{22A0EE19-867F-37EA-87BD-C235A8424E73}"
EndProject
Global
	GlobalSection(SolutionConfigurationPlatforms) = preSolution
		Debug|Any CPU = Debug|Any CPU
		Release|Any CPU = Release|Any CPU
	EndGlobalSection
	GlobalSection(ProjectConfigurationPlatforms) = postSolution
		{22A0EE19-867F-37EA-87BD-C235A8424E73}.Debug|Any CPU.ActiveCfg = Debug|Any CPU
		{22A0EE19-867F-37EA-87BD-C235A8424E73}.Debug|Any CPU.Build.0 = Debug|Any CPU
		{22A0EE19-867F-37EA-87BD-C235A8424E73}.Release|Any CPU.ActiveCfg = Release|Any CPU
		{22A0EE19-867F-37EA-87BD-C235A8424E73}.Release|Any CPU.Build.0 = Release|Any CPU
	EndGlobalSection
	GlobalSection(SolutionProperties) = preSolution
		HideSolutionNode = FALSE
	EndGlobalSection
	GlobalSection(ExtensibilityGlobals) = postSolution
		SolutionGuid = {F7EBE9FD-6230-4554-BD58-E80DBF684BDD}
	EndGlobalSection
EndGlobal
